
Microsoft Visual Studio Solution File, Format Version 12.00
# Visual Studio Version 17
VisualStudioVersion = 17.0.31903.59
MinimumVisualStudioVersion = 10.0.40219.1
Project("{FAE04EC0-301F-11D3-BF4B-00C04F79EFBC}") = "HCMUSSupportV2.Backend", "HCMUSSupportV2.Backend\HCMUSSupportV2.Backend.csproj", "{EEBF9C9D-B5CE-4F31-AB35-9C0F3A0854E0}"
EndProject
Project("{FAE04EC0-301F-11D3-BF4B-00C04F79EFBC}") = "HCMUSSupportV2.Frontend", "HCMUSSupportV2.Frontend\HCMUSSupportV2.Frontend.csproj", "{F91EC273-D031-4D42-9D79-A570F9C44697}"
EndProject
Project("{FAE04EC0-301F-11D3-BF4B-00C04F79EFBC}") = "HCMUSSupportV2.Backend.Tests", "HCMUSSupportV2.Backend.Tests\HCMUSSupportV2.Backend.Tests.csproj", "{F2F5E7A4-5404-4C2F-9278-4770C7C04A3C}"
EndProject
Project("{FAE04EC0-301F-11D3-BF4B-00C04F79EFBC}") = "HCMUSSupportV2.Sync", "HCMUSSupportV2.Sync\HCMUSSupportV2.Sync.csproj", "{A851916E-9703-43D7-9003-D126B80D2B73}"
EndProject
Project("{FAE04EC0-301F-11D3-BF4B-00C04F79EFBC}") = "HCMUSSupportV2.Sync.Tests", "HCMUSSupportV2.Sync.Tests\HCMUSSupportV2.Sync.Tests.csproj", "{B5D773B7-BA1B-43CE-8792-77C170A654E2}"
EndProject
Global
	GlobalSection(SolutionConfigurationPlatforms) = preSolution
		Debug|Any CPU = Debug|Any CPU
		Debug|x64 = Debug|x64
		Debug|x86 = Debug|x86
		Release|Any CPU = Release|Any CPU
		Release|x64 = Release|x64
		Release|x86 = Release|x86
	EndGlobalSection
	GlobalSection(ProjectConfigurationPlatforms) = postSolution
		{EEBF9C9D-B5CE-4F31-AB35-9C0F3A0854E0}.Debug|Any CPU.ActiveCfg = Debug|Any CPU
		{EEBF9C9D-B5CE-4F31-AB35-9C0F3A0854E0}.Debug|Any CPU.Build.0 = Debug|Any CPU
		{EEBF9C9D-B5CE-4F31-AB35-9C0F3A0854E0}.Debug|x64.ActiveCfg = Debug|Any CPU
		{EEBF9C9D-B5CE-4F31-AB35-9C0F3A0854E0}.Debug|x64.Build.0 = Debug|Any CPU
		{EEBF9C9D-B5CE-4F31-AB35-9C0F3A0854E0}.Debug|x86.ActiveCfg = Debug|Any CPU
		{EEBF9C9D-B5CE-4F31-AB35-9C0F3A0854E0}.Debug|x86.Build.0 = Debug|Any CPU
		{EEBF9C9D-B5CE-4F31-AB35-9C0F3A0854E0}.Release|Any CPU.ActiveCfg = Release|Any CPU
		{EEBF9C9D-B5CE-4F31-AB35-9C0F3A0854E0}.Release|Any CPU.Build.0 = Release|Any CPU
		{EEBF9C9D-B5CE-4F31-AB35-9C0F3A0854E0}.Release|x64.ActiveCfg = Release|Any CPU
		{EEBF9C9D-B5CE-4F31-AB35-9C0F3A0854E0}.Release|x64.Build.0 = Release|Any CPU
		{EEBF9C9D-B5CE-4F31-AB35-9C0F3A0854E0}.Release|x86.ActiveCfg = Release|Any CPU
		{EEBF9C9D-B5CE-4F31-AB35-9C0F3A0854E0}.Release|x86.Build.0 = Release|Any CPU
		{F91EC273-D031-4D42-9D79-A570F9C44697}.Debug|Any CPU.ActiveCfg = Debug|Any CPU
		{F91EC273-D031-4D42-9D79-A570F9C44697}.Debug|Any CPU.Build.0 = Debug|Any CPU
		{F91EC273-D031-4D42-9D79-A570F9C44697}.Debug|x64.ActiveCfg = Debug|Any CPU
		{F91EC273-D031-4D42-9D79-A570F9C44697}.Debug|x64.Build.0 = Debug|Any CPU
		{F91EC273-D031-4D42-9D79-A570F9C44697}.Debug|x86.ActiveCfg = Debug|Any CPU
		{F91EC273-D031-4D42-9D79-A570F9C44697}.Debug|x86.Build.0 = Debug|Any CPU
		{F91EC273-D031-4D42-9D79-A570F9C44697}.Release|Any CPU.ActiveCfg = Release|Any CPU
		{F91EC273-D031-4D42-9D79-A570F9C44697}.Release|Any CPU.Build.0 = Release|Any CPU
		{F91EC273-D031-4D42-9D79-A570F9C44697}.Release|x64.ActiveCfg = Release|Any CPU
		{F91EC273-D031-4D42-9D79-A570F9C44697}.Release|x64.Build.0 = Release|Any CPU
		{F91EC273-D031-4D42-9D79-A570F9C44697}.Release|x86.ActiveCfg = Release|Any CPU
		{F91EC273-D031-4D42-9D79-A570F9C44697}.Release|x86.Build.0 = Release|Any CPU
		{F2F5E7A4-5404-4C2F-9278-4770C7C04A3C}.Debug|Any CPU.ActiveCfg = Debug|Any CPU
		{F2F5E7A4-5404-4C2F-9278-4770C7C04A3C}.Debug|Any CPU.Build.0 = Debug|Any CPU
		{F2F5E7A4-5404-4C2F-9278-4770C7C04A3C}.Debug|x64.ActiveCfg = Debug|Any CPU
		{F2F5E7A4-5404-4C2F-9278-4770C7C04A3C}.Debug|x64.Build.0 = Debug|Any CPU
		{F2F5E7A4-5404-4C2F-9278-4770C7C04A3C}.Debug|x86.ActiveCfg = Debug|Any CPU
		{F2F5E7A4-5404-4C2F-9278-4770C7C04A3C}.Debug|x86.Build.0 = Debug|Any CPU
		{F2F5E7A4-5404-4C2F-9278-4770C7C04A3C}.Release|Any CPU.ActiveCfg = Release|Any CPU
		{F2F5E7A4-5404-4C2F-9278-4770C7C04A3C}.Release|Any CPU.Build.0 = Release|Any CPU
		{F2F5E7A4-5404-4C2F-9278-4770C7C04A3C}.Release|x64.ActiveCfg = Release|Any CPU
		{F2F5E7A4-5404-4C2F-9278-4770C7C04A3C}.Release|x64.Build.0 = Release|Any CPU
		{F2F5E7A4-5404-4C2F-9278-4770C7C04A3C}.Release|x86.ActiveCfg = Release|Any CPU
		{F2F5E7A4-5404-4C2F-9278-4770C7C04A3C}.Release|x86.Build.0 = Release|Any CPU
		{A851916E-9703-43D7-9003-D126B80D2B73}.Debug|Any CPU.ActiveCfg = Debug|Any CPU
		{A851916E-9703-43D7-9003-D126B80D2B73}.Debug|Any CPU.Build.0 = Debug|Any CPU
		{A851916E-9703-43D7-9003-D126B80D2B73}.Debug|x64.ActiveCfg = Debug|Any CPU
		{A851916E-9703-43D7-9003-D126B80D2B73}.Debug|x64.Build.0 = Debug|Any CPU
		{A851916E-9703-43D7-9003-D126B80D2B73}.Debug|x86.ActiveCfg = Debug|Any CPU
		{A851916E-9703-43D7-9003-D126B80D2B73}.Debug|x86.Build.0 = Debug|Any CPU
		{A851916E-9703-43D7-9003-D126B80D2B73}.Release|Any CPU.ActiveCfg = Release|Any CPU
		{A851916E-9703-43D7-9003-D126B80D2B73}.Release|Any CPU.Build.0 = Release|Any CPU
		{A851916E-9703-43D7-9003-D126B80D2B73}.Release|x64.ActiveCfg = Release|Any CPU
		{A851916E-9703-43D7-9003-D126B80D2B73}.Release|x64.Build.0 = Release|Any CPU
		{A851916E-9703-43D7-9003-D126B80D2B73}.Release|x86.ActiveCfg = Release|Any CPU
		{A851916E-9703-43D7-9003-D126B80D2B73}.Release|x86.Build.0 = Release|Any CPU
		{B5D773B7-BA1B-43CE-8792-77C170A654E2}.Debug|Any CPU.ActiveCfg = Debug|Any CPU
		{B5D773B7-BA1B-43CE-8792-77C170A654E2}.Debug|Any CPU.Build.0 = Debug|Any CPU
		{B5D773B7-BA1B-43CE-8792-77C170A654E2}.Debug|x64.ActiveCfg = Debug|Any CPU
		{B5D773B7-BA1B-43CE-8792-77C170A654E2}.Debug|x64.Build.0 = Debug|Any CPU
		{B5D773B7-BA1B-43CE-8792-77C170A654E2}.Debug|x86.ActiveCfg = Debug|Any CPU
		{B5D773B7-BA1B-43CE-8792-77C170A654E2}.Debug|x86.Build.0 = Debug|Any CPU
		{B5D773B7-BA1B-43CE-8792-77C170A654E2}.Release|Any CPU.ActiveCfg = Release|Any CPU
		{B5D773B7-BA1B-43CE-8792-77C170A654E2}.Release|Any CPU.Build.0 = Release|Any CPU
		{B5D773B7-BA1B-43CE-8792-77C170A654E2}.Release|x64.ActiveCfg = Release|Any CPU
		{B5D773B7-BA1B-43CE-8792-77C170A654E2}.Release|x64.Build.0 = Release|Any CPU
		{B5D773B7-BA1B-43CE-8792-77C170A654E2}.Release|x86.ActiveCfg = Release|Any CPU
		{B5D773B7-BA1B-43CE-8792-77C170A654E2}.Release|x86.Build.0 = Release|Any CPU
	EndGlobalSection
	GlobalSection(SolutionProperties) = preSolution
		HideSolutionNode = FALSE
	EndGlobalSection
EndGlobal
